// !$*UTF8*$!
{
	archiveVersion = 1;
	classes = {
	};
	objectVersion = 50;
	objects = {

/* Begin PBXBuildFile section */
		415676EE268E34C600323B5E /* AppDelegate.swift in Sources */ = {isa = PBXBuildFile; fileRef = 415676ED268E34C600323B5E /* AppDelegate.swift */; };
		415676F0268E34C600323B5E /* SceneDelegate.swift in Sources */ = {isa = PBXBuildFile; fileRef = 415676EF268E34C600323B5E /* SceneDelegate.swift */; };
		415676F5268E34C600323B5E /* Main.storyboard in Resources */ = {isa = PBXBuildFile; fileRef = 415676F3268E34C600323B5E /* Main.storyboard */; };
		415676F7268E34CC00323B5E /* Assets.xcassets in Resources */ = {isa = PBXBuildFile; fileRef = 415676F6268E34CC00323B5E /* Assets.xcassets */; };
		415676FA268E34CC00323B5E /* LaunchScreen.storyboard in Resources */ = {isa = PBXBuildFile; fileRef = 415676F8268E34CC00323B5E /* LaunchScreen.storyboard */; };
		41567705268F75F200323B5E /* FirstTableVC.swift in Sources */ = {isa = PBXBuildFile; fileRef = 41567704268F75F200323B5E /* FirstTableVC.swift */; };
		4156770A268F9F8300323B5E /* DetailsVC.swift in Sources */ = {isa = PBXBuildFile; fileRef = 41567709268F9F8300323B5E /* DetailsVC.swift */; };
		41567716268FC77D00323B5E /* DetailsTVC.swift in Sources */ = {isa = PBXBuildFile; fileRef = 41567715268FC77D00323B5E /* DetailsTVC.swift */; };
/* End PBXBuildFile section */

/* Begin PBXFileReference section */
		415676EA268E34C600323B5E /* HomeWork15_1.app */ = {isa = PBXFileReference; explicitFileType = wrapper.application; includeInIndex = 0; path = HomeWork15_1.app; sourceTree = BUILT_PRODUCTS_DIR; };
		415676ED268E34C600323B5E /* AppDelegate.swift */ = {isa = PBXFileReference; lastKnownFileType = sourcecode.swift; path = AppDelegate.swift; sourceTree = "<group>"; };
		415676EF268E34C600323B5E /* SceneDelegate.swift */ = {isa = PBXFileReference; lastKnownFileType = sourcecode.swift; path = SceneDelegate.swift; sourceTree = "<group>"; };
		415676F4268E34C600323B5E /* Base */ = {isa = PBXFileReference; lastKnownFileType = file.storyboard; name = Base; path = Base.lproj/Main.storyboard; sourceTree = "<group>"; };
		415676F6268E34CC00323B5E /* Assets.xcassets */ = {isa = PBXFileReference; lastKnownFileType = folder.assetcatalog; path = Assets.xcassets; sourceTree = "<group>"; };
		415676F9268E34CC00323B5E /* Base */ = {isa = PBXFileReference; lastKnownFileType = file.storyboard; name = Base; path = Base.lproj/LaunchScreen.storyboard; sourceTree = "<group>"; };
		415676FB268E34CC00323B5E /* Info.plist */ = {isa = PBXFileReference; lastKnownFileType = text.plist.xml; path = Info.plist; sourceTree = "<group>"; };
		41567704268F75F200323B5E /* FirstTableVC.swift */ = {isa = PBXFileReference; lastKnownFileType = sourcecode.swift; path = FirstTableVC.swift; sourceTree = "<group>"; };
		41567709268F9F8300323B5E /* DetailsVC.swift */ = {isa = PBXFileReference; lastKnownFileType = sourcecode.swift; path = DetailsVC.swift; sourceTree = "<group>"; };
		41567715268FC77D00323B5E /* DetailsTVC.swift */ = {isa = PBXFileReference; lastKnownFileType = sourcecode.swift; path = DetailsTVC.swift; sourceTree = "<group>"; };
/* End PBXFileReference section */

/* Begin PBXFrameworksBuildPhase section */
		415676E7268E34C600323B5E /* Frameworks */ = {
			isa = PBXFrameworksBuildPhase;
			buildActionMask = 2147483647;
			files = (
			);
			runOnlyForDeploymentPostprocessing = 0;
		};
/* End PBXFrameworksBuildPhase section */

/* Begin PBXGroup section */
		415676E1268E34C600323B5E = {
			isa = PBXGroup;
			children = (
				415676EC268E34C600323B5E /* HomeWork15_1 */,
				415676EB268E34C600323B5E /* Products */,
			);
			sourceTree = "<group>";
		};
		415676EB268E34C600323B5E /* Products */ = {
			isa = PBXGroup;
			children = (
				415676EA268E34C600323B5E /* HomeWork15_1.app */,
			);
			name = Products;
			sourceTree = "<group>";
		};
		415676EC268E34C600323B5E /* HomeWork15_1 */ = {
			isa = PBXGroup;
			children = (
				41567706268F865B00323B5E /* Controllers */,
				41567701268F711200323B5E /* App */,
				415676F3268E34C600323B5E /* Main.storyboard */,
				415676F8268E34CC00323B5E /* LaunchScreen.storyboard */,
				415676F6268E34CC00323B5E /* Assets.xcassets */,
				415676FB268E34CC00323B5E /* Info.plist */,
			);
			path = HomeWork15_1;
			sourceTree = "<group>";
		};
		41567701268F711200323B5E /* App */ = {
			isa = PBXGroup;
			children = (
				415676ED268E34C600323B5E /* AppDelegate.swift */,
				415676EF268E34C600323B5E /* SceneDelegate.swift */,
			);
			path = App;
			sourceTree = "<group>";
		};
		41567706268F865B00323B5E /* Controllers */ = {
			isa = PBXGroup;
			children = (
				41567704268F75F200323B5E /* FirstTableVC.swift */,
				41567709268F9F8300323B5E /* DetailsVC.swift */,
				41567715268FC77D00323B5E /* DetailsTVC.swift */,
			);
			path = Controllers;
			sourceTree = "<group>";
		};
/* End PBXGroup section */

/* Begin PBXNativeTarget section */
		415676E9268E34C600323B5E /* HomeWork15_1 */ = {
			isa = PBXNativeTarget;
			buildConfigurationList = 415676FE268E34CC00323B5E /* Build configuration list for PBXNativeTarget "HomeWork15_1" */;
			buildPhases = (
				415676E6268E34C600323B5E /* Sources */,
				415676E7268E34C600323B5E /* Frameworks */,
				415676E8268E34C600323B5E /* Resources */,
			);
			buildRules = (
			);
			dependencies = (
			);
			name = HomeWork15_1;
			productName = HomeWork15_1;
			productReference = 415676EA268E34C600323B5E /* HomeWork15_1.app */;
			productType = "com.apple.product-type.application";
		};
/* End PBXNativeTarget section */

/* Begin PBXProject section */
		415676E2268E34C600323B5E /* Project object */ = {
			isa = PBXProject;
			attributes = {
				LastSwiftUpdateCheck = 1250;
				LastUpgradeCheck = 1250;
				TargetAttributes = {
					415676E9268E34C600323B5E = {
						CreatedOnToolsVersion = 12.5;
					};
				};
			};
			buildConfigurationList = 415676E5268E34C600323B5E /* Build configuration list for PBXProject "HomeWork15_1" */;
			compatibilityVersion = "Xcode 9.3";
			developmentRegion = en;
			hasScannedForEncodings = 0;
			knownRegions = (
				en,
				Base,
			);
			mainGroup = 415676E1268E34C600323B5E;
			productRefGroup = 415676EB268E34C600323B5E /* Products */;
			projectDirPath = "";
			projectRoot = "";
			targets = (
				415676E9268E34C600323B5E /* HomeWork15_1 */,
			);
		};
/* End PBXProject section */

/* Begin PBXResourcesBuildPhase section */
		415676E8268E34C600323B5E /* Resources */ = {
			isa = PBXResourcesBuildPhase;
			buildActionMask = 2147483647;
			files = (
				415676FA268E34CC00323B5E /* LaunchScreen.storyboard in Resources */,
				415676F7268E34CC00323B5E /* Assets.xcassets in Resources */,
				415676F5268E34C600323B5E /* Main.storyboard in Resources */,
			);
			runOnlyForDeploymentPostprocessing = 0;
		};
/* End PBXResourcesBuildPhase section */

/* Begin PBXSourcesBuildPhase section */
		415676E6268E34C600323B5E /* Sources */ = {
			isa = PBXSourcesBuildPhase;
			buildActionMask = 2147483647;
			files = (
				41567716268FC77D00323B5E /* DetailsTVC.swift in Sources */,
				41567705268F75F200323B5E /* FirstTableVC.swift in Sources */,
				415676EE268E34C600323B5E /* AppDelegate.swift in Sources */,
				415676F0268E34C600323B5E /* SceneDelegate.swift in Sources */,
				4156770A268F9F8300323B5E /* DetailsVC.swift in Sources */,
			);
			runOnlyForDeploymentPostprocessing = 0;
		};
/* End PBXSourcesBuildPhase section */

/* Begin PBXVariantGroup section */
		415676F3268E34C600323B5E /* Main.storyboard */ = {
			isa = PBXVariantGroup;
			children = (
				415676F4268E34C600323B5E /* Base */,
			);
			name = Main.storyboard;
			sourceTree = "<group>";
		};
		415676F8268E34CC00323B5E /* LaunchScreen.storyboard */ = {
			isa = PBXVariantGroup;
			children = (
				415676F9268E34CC00323B5E /* Base */,
			);
			name = LaunchScreen.storyboard;
			sourceTree = "<group>";
		};
/* End PBXVariantGroup section */

/* Begin XCBuildConfiguration section */
		415676FC268E34CC00323B5E /* Debug */ = {
			isa = XCBuildConfiguration;
			buildSettings = {
				ALWAYS_SEARCH_USER_PATHS = NO;
				CLANG_ANALYZER_NONNULL = YES;
				CLANG_ANALYZER_NUMBER_OBJECT_CONVERSION = YES_AGGRESSIVE;
				CLANG_CXX_LANGUAGE_STANDARD = "gnu++14";
				CLANG_CXX_LIBRARY = "libc++";
				CLANG_ENABLE_MODULES = YES;
				CLANG_ENABLE_OBJC_ARC = YES;
				CLANG_ENABLE_OBJC_WEAK = YES;
				CLANG_WARN_BLOCK_CAPTURE_AUTORELEASING = YES;
				CLANG_WARN_BOOL_CONVERSION = YES;
				CLANG_WARN_COMMA = YES;
				CLANG_WARN_CONSTANT_CONVERSION = YES;
				CLANG_WARN_DEPRECATED_OBJC_IMPLEMENTATIONS = YES;
				CLANG_WARN_DIRECT_OBJC_ISA_USAGE = YES_ERROR;
				CLANG_WARN_DOCUMENTATION_COMMENTS = YES;
				CLANG_WARN_EMPTY_BODY = YES;
				CLANG_WARN_ENUM_CONVERSION = YES;
				CLANG_WARN_INFINITE_RECURSION = YES;
				CLANG_WARN_INT_CONVERSION = YES;
				CLANG_WARN_NON_LITERAL_NULL_CONVERSION = YES;
				CLANG_WARN_OBJC_IMPLICIT_RETAIN_SELF = YES;
				CLANG_WARN_OBJC_LITERAL_CONVERSION = YES;
				CLANG_WARN_OBJC_ROOT_CLASS = YES_ERROR;
				CLANG_WARN_QUOTED_INCLUDE_IN_FRAMEWORK_HEADER = YES;
				CLANG_WARN_RANGE_LOOP_ANALYSIS = YES;
				CLANG_WARN_STRICT_PROTOTYPES = YES;
				CLANG_WARN_SUSPICIOUS_MOVE = YES;
				CLANG_WARN_UNGUARDED_AVAILABILITY = YES_AGGRESSIVE;
				CLANG_WARN_UNREACHABLE_CODE = YES;
				CLANG_WARN__DUPLICATE_METHOD_MATCH = YES;
				COPY_PHASE_STRIP = NO;
				DEBUG_INFORMATION_FORMAT = dwarf;
				ENABLE_STRICT_OBJC_MSGSEND = YES;
				ENABLE_TESTABILITY = YES;
				GCC_C_LANGUAGE_STANDARD = gnu11;
				GCC_DYNAMIC_NO_PIC = NO;
				GCC_NO_COMMON_BLOCKS = YES;
				GCC_OPTIMIZATION_LEVEL = 0;
				GCC_PREPROCESSOR_DEFINITIONS = (
					"DEBUG=1",
					"$(inherited)",
				);
				GCC_WARN_64_TO_32_BIT_CONVERSION = YES;
				GCC_WARN_ABOUT_RETURN_TYPE = YES_ERROR;
				GCC_WARN_UNDECLARED_SELECTOR = YES;
				GCC_WARN_UNINITIALIZED_AUTOS = YES_AGGRESSIVE;
				GCC_WARN_UNUSED_FUNCTION = YES;
				GCC_WARN_UNUSED_VARIABLE = YES;
				IPHONEOS_DEPLOYMENT_TARGET = 14.5;
				MTL_ENABLE_DEBUG_INFO = INCLUDE_SOURCE;
				MTL_FAST_MATH = YES;
				ONLY_ACTIVE_ARCH = YES;
				SDKROOT = iphoneos;
				SWIFT_ACTIVE_COMPILATION_CONDITIONS = DEBUG;
				SWIFT_OPTIMIZATION_LEVEL = "-Onone";
			};
			name = Debug;
		};
		415676FD268E34CC00323B5E /* Release */ = {
			isa = XCBuildConfiguration;
			buildSettings = {
				ALWAYS_SEARCH_USER_PATHS = NO;
				CLANG_ANALYZER_NONNULL = YES;
				CLANG_ANALYZER_NUMBER_OBJECT_CONVERSION = YES_AGGRESSIVE;
				CLANG_CXX_LANGUAGE_STANDARD = "gnu++14";
				CLANG_CXX_LIBRARY = "libc++";
				CLANG_ENABLE_MODULES = YES;
				CLANG_ENABLE_OBJC_ARC = YES;
				CLANG_ENABLE_OBJC_WEAK = YES;
				CLANG_WARN_BLOCK_CAPTURE_AUTORELEASING = YES;
				CLANG_WARN_BOOL_CONVERSION = YES;
				CLANG_WARN_COMMA = YES;
				CLANG_WARN_CONSTANT_CONVERSION = YES;
				CLANG_WARN_DEPRECATED_OBJC_IMPLEMENTATIONS = YES;
				CLANG_WARN_DIRECT_OBJC_ISA_USAGE = YES_ERROR;
				CLANG_WARN_DOCUMENTATION_COMMENTS = YES;
				CLANG_WARN_EMPTY_BODY = YES;
				CLANG_WARN_ENUM_CONVERSION = YES;
				CLANG_WARN_INFINITE_RECURSION = YES;
				CLANG_WARN_INT_CONVERSION = YES;
				CLANG_WARN_NON_LITERAL_NULL_CONVERSION = YES;
				CLANG_WARN_OBJC_IMPLICIT_RETAIN_SELF = YES;
				CLANG_WARN_OBJC_LITERAL_CONVERSION = YES;
				CLANG_WARN_OBJC_ROOT_CLASS = YES_ERROR;
				CLANG_WARN_QUOTED_INCLUDE_IN_FRAMEWORK_HEADER = YES;
				CLANG_WARN_RANGE_LOOP_ANALYSIS = YES;
				CLANG_WARN_STRICT_PROTOTYPES = YES;
				CLANG_WARN_SUSPICIOUS_MOVE = YES;
				CLANG_WARN_UNGUARDED_AVAILABILITY = YES_AGGRESSIVE;
				CLANG_WARN_UNREACHABLE_CODE = YES;
				CLANG_WARN__DUPLICATE_METHOD_MATCH = YES;
				COPY_PHASE_STRIP = NO;
				DEBUG_INFORMATION_FORMAT = "dwarf-with-dsym";
				ENABLE_NS_ASSERTIONS = NO;
				ENABLE_STRICT_OBJC_MSGSEND = YES;
				GCC_C_LANGUAGE_STANDARD = gnu11;
				GCC_NO_COMMON_BLOCKS = YES;
				GCC_WARN_64_TO_32_BIT_CONVERSION = YES;
				GCC_WARN_ABOUT_RETURN_TYPE = YES_ERROR;
				GCC_WARN_UNDECLARED_SELECTOR = YES;
				GCC_WARN_UNINITIALIZED_AUTOS = YES_AGGRESSIVE;
				GCC_WARN_UNUSED_FUNCTION = YES;
				GCC_WARN_UNUSED_VARIABLE = YES;
				IPHONEOS_DEPLOYMENT_TARGET = 14.5;
				MTL_ENABLE_DEBUG_INFO = NO;
				MTL_FAST_MATH = YES;
				SDKROOT = iphoneos;
				SWIFT_COMPILATION_MODE = wholemodule;
				SWIFT_OPTIMIZATION_LEVEL = "-O";
				VALIDATE_PRODUCT = YES;
			};
			name = Release;
		};
		415676FF268E34CC00323B5E /* Debug */ = {
			isa = XCBuildConfiguration;
			buildSettings = {
				ASSETCATALOG_COMPILER_APPICON_NAME = AppIcon;
				ASSETCATALOG_COMPILER_GLOBAL_ACCENT_COLOR_NAME = AccentColor;
				CODE_SIGN_STYLE = Automatic;
				DEVELOPMENT_TEAM = 5JPN6876WV;
				INFOPLIST_FILE = HomeWork15_1/Info.plist;
				LD_RUNPATH_SEARCH_PATHS = (
					"$(inherited)",
					"@executable_path/Frameworks",
				);
				PRODUCT_BUNDLE_IDENTIFIER = "by.I21-iOS.HomeWork15-1";
				PRODUCT_NAME = "$(TARGET_NAME)";
				SWIFT_VERSION = 5.0;
				TARGETED_DEVICE_FAMILY = "1,2";
			};
			name = Debug;
		};
		41567700268E34CC00323B5E /* Release */ = {
			isa = XCBuildConfiguration;
			buildSettings = {
				ASSETCATALOG_COMPILER_APPICON_NAME = AppIcon;
				ASSETCATALOG_COMPILER_GLOBAL_ACCENT_COLOR_NAME = AccentColor;
				CODE_SIGN_STYLE = Automatic;
				DEVELOPMENT_TEAM = 5JPN6876WV;
				INFOPLIST_FILE = HomeWork15_1/Info.plist;
				LD_RUNPATH_SEARCH_PATHS = (
					"$(inherited)",
					"@executable_path/Frameworks",
				);
				PRODUCT_BUNDLE_IDENTIFIER = "by.I21-iOS.HomeWork15-1";
				PRODUCT_NAME = "$(TARGET_NAME)";
				SWIFT_VERSION = 5.0;
				TARGETED_DEVICE_FAMILY = "1,2";
			};
			name = Release;
		};
/* End XCBuildConfiguration section */

/* Begin XCConfigurationList section */
		415676E5268E34C600323B5E /* Build configuration list for PBXProject "HomeWork15_1" */ = {
			isa = XCConfigurationList;
			buildConfigurations = (
				415676FC268E34CC00323B5E /* Debug */,
				415676FD268E34CC00323B5E /* Release */,
			);
			defaultConfigurationIsVisible = 0;
			defaultConfigurationName = Release;
		};
		415676FE268E34CC00323B5E /* Build configuration list for PBXNativeTarget "HomeWork15_1" */ = {
			isa = XCConfigurationList;
			buildConfigurations = (
				415676FF268E34CC00323B5E /* Debug */,
				41567700268E34CC00323B5E /* Release */,
			);
			defaultConfigurationIsVisible = 0;
			defaultConfigurationName = Release;
		};
/* End XCConfigurationList section */
	};
	rootObject = 415676E2268E34C600323B5E /* Project object */;
}
